
Microsoft Visual Studio Solution File, Format Version 12.00
# Visual Studio Version 17
VisualStudioVersion = 17.3.32922.545
MinimumVisualStudioVersion = 10.0.40219.1
Project("{9A19103F-16F7-4668-BE54-9A1E7A4F7556}") = "Digst.Nemlogin.LookupService.Wsc.Rest", "Digst.Nemlogin.LookupService.Wsc.Rest\Digst.Nemlogin.LookupService.Wsc.Rest.csproj", "{5303A87C-33F2-4DC1-881B-8000735CD23C}"
EndProject
Project("{9A19103F-16F7-4668-BE54-9A1E7A4F7556}") = "Digst.Nemlogin.LookupService.Wsc.Soap", "Digst.Nemlogin.LookupService.Wsc.Soap\Digst.Nemlogin.LookupService.Wsc.Soap.csproj", "{3E1CD1CB-AC06-4988-8093-09C2FE5ACB54}"
EndProject
Project("{FAE04EC0-301F-11D3-BF4B-00C04F79EFBC}") = "Digst.Nemlogin.LookupService.Wsc.Test", "Digst.Nemlogin.LookupService.Wsc.Test\Digst.Nemlogin.LookupService.Wsc.Test.csproj", "{41417186-6B69-468B-97F0-AADE1842BA19}"
EndProject
Project("{9A19103F-16F7-4668-BE54-9A1E7A4F7556}") = "Digst.Nemlogin.LookupService.Shared", "Digst.Nemlogin.LookupService.Shared\Digst.Nemlogin.LookupService.Shared.csproj", "{AC233DB3-437D-4EC3-AEFF-EF88D75B0B7B}"
EndProject
Global
	GlobalSection(SolutionConfigurationPlatforms) = preSolution
		Debug|Any CPU = Debug|Any CPU
		Release|Any CPU = Release|Any CPU
	EndGlobalSection
	GlobalSection(ProjectConfigurationPlatforms) = postSolution
		{5303A87C-33F2-4DC1-881B-8000735CD23C}.Debug|Any CPU.ActiveCfg = Debug|Any CPU
		{5303A87C-33F2-4DC1-881B-8000735CD23C}.Debug|Any CPU.Build.0 = Debug|Any CPU
		{5303A87C-33F2-4DC1-881B-8000735CD23C}.Release|Any CPU.ActiveCfg = Release|Any CPU
		{5303A87C-33F2-4DC1-881B-8000735CD23C}.Release|Any CPU.Build.0 = Release|Any CPU
		{3E1CD1CB-AC06-4988-8093-09C2FE5ACB54}.Debug|Any CPU.ActiveCfg = Debug|Any CPU
		{3E1CD1CB-AC06-4988-8093-09C2FE5ACB54}.Debug|Any CPU.Build.0 = Debug|Any CPU
		{3E1CD1CB-AC06-4988-8093-09C2FE5ACB54}.Release|Any CPU.ActiveCfg = Release|Any CPU
		{3E1CD1CB-AC06-4988-8093-09C2FE5ACB54}.Release|Any CPU.Build.0 = Release|Any CPU
		{41417186-6B69-468B-97F0-AADE1842BA19}.Debug|Any CPU.ActiveCfg = Debug|Any CPU
		{41417186-6B69-468B-97F0-AADE1842BA19}.Debug|Any CPU.Build.0 = Debug|Any CPU
		{41417186-6B69-468B-97F0-AADE1842BA19}.Release|Any CPU.ActiveCfg = Release|Any CPU
		{41417186-6B69-468B-97F0-AADE1842BA19}.Release|Any CPU.Build.0 = Release|Any CPU
		{AC233DB3-437D-4EC3-AEFF-EF88D75B0B7B}.Debug|Any CPU.ActiveCfg = Debug|Any CPU
		{AC233DB3-437D-4EC3-AEFF-EF88D75B0B7B}.Debug|Any CPU.Build.0 = Debug|Any CPU
		{AC233DB3-437D-4EC3-AEFF-EF88D75B0B7B}.Release|Any CPU.ActiveCfg = Release|Any CPU
		{AC233DB3-437D-4EC3-AEFF-EF88D75B0B7B}.Release|Any CPU.Build.0 = Release|Any CPU
	EndGlobalSection
	GlobalSection(SolutionProperties) = preSolution
		HideSolutionNode = FALSE
	EndGlobalSection
	GlobalSection(ExtensibilityGlobals) = postSolution
		SolutionGuid = {CF7AE468-8C65-4C5A-B653-3598DF2B59C2}
	EndGlobalSection
EndGlobal
